
Microsoft Visual Studio Solution File, Format Version 12.00
# Visual Studio Version 17
VisualStudioVersion = 17.5.33502.453
MinimumVisualStudioVersion = 10.0.40219.1
Project("{FAE04EC0-301F-11D3-BF4B-00C04F79EFBC}") = "PrettyArgs", "PrettyArgs\PrettyArgs.csproj", "{A27BE5FD-856D-407A-9A8E-AC80E6C096E3}"
EndProject
Global
	GlobalSection(SolutionConfigurationPlatforms) = preSolution
		Debug|Any CPU = Debug|Any CPU
		Release|Any CPU = Release|Any CPU
	EndGlobalSection
	GlobalSection(ProjectConfigurationPlatforms) = postSolution
		{A27BE5FD-856D-407A-9A8E-AC80E6C096E3}.Debug|Any CPU.ActiveCfg = Debug|Any CPU
		{A27BE5FD-856D-407A-9A8E-AC80E6C096E3}.Debug|Any CPU.Build.0 = Debug|Any CPU
		{A27BE5FD-856D-407A-9A8E-AC80E6C096E3}.Release|Any CPU.ActiveCfg = Release|Any CPU
		{A27BE5FD-856D-407A-9A8E-AC80E6C096E3}.Release|Any CPU.Build.0 = Release|Any CPU
	EndGlobalSection
	GlobalSection(SolutionProperties) = preSolution
		HideSolutionNode = FALSE
	EndGlobalSection
	GlobalSection(ExtensibilityGlobals) = postSolution
		SolutionGuid = {EF5F41EB-0C76-4F40-B1E6-1FCB61E87B9B}
	EndGlobalSection
EndGlobal
